# This file is automatically @generated by Cargo.
# It is not intended for manual editing.
version = 4

[[package]]
name = "bsc-rs"
version = "0.0.1"

[[package]]
name = "cmix-rs"
version = "0.0.1"

[[package]]
name = "gpu-rs"
version = "0.0.1"

[[package]]
name = "sevenz-rs"
version = "0.1.0"

[[package]]
name = "zpaq-rs"
version = "0.0.1"
dependencies = [
 "bsc-rs",
]
